
Microsoft Visual Studio Solution File, Format Version 11.00
# Visual Studio 2010
Project("{F2A71F9B-5D33-465A-A702-920D77279786}") = "FinSharpLib", "FinSharpLib\FinSharpLib.fsproj", "{1F1D2EEF-FBE3-4F1F-8C97-771A49F42D37}"
EndProject
Global
	GlobalSection(SolutionConfigurationPlatforms) = preSolution
		Debug|Any CPU = Debug|Any CPU
		Release|Any CPU = Release|Any CPU
	EndGlobalSection
	GlobalSection(ProjectConfigurationPlatforms) = postSolution
		{1F1D2EEF-FBE3-4F1F-8C97-771A49F42D37}.Debug|Any CPU.ActiveCfg = Debug|Any CPU
		{1F1D2EEF-FBE3-4F1F-8C97-771A49F42D37}.Debug|Any CPU.Build.0 = Debug|Any CPU
		{1F1D2EEF-FBE3-4F1F-8C97-771A49F42D37}.Release|Any CPU.ActiveCfg = Release|Any CPU
		{1F1D2EEF-FBE3-4F1F-8C97-771A49F42D37}.Release|Any CPU.Build.0 = Release|Any CPU
	EndGlobalSection
	GlobalSection(SolutionProperties) = preSolution
		HideSolutionNode = FALSE
	EndGlobalSection
EndGlobal
